
Microsoft Visual Studio Solution File, Format Version 12.00
# Visual Studio Version 17
VisualStudioVersion = 17.8.34330.188
MinimumVisualStudioVersion = 10.0.40219.1
Project("{FAE04EC0-301F-11D3-BF4B-00C04F79EFBC}") = "Geometria", "Geometria\Geometria.csproj", "{50ACA2C8-D9E4-4EE0-892F-F800E2EE4239}"
EndProject
Global
	GlobalSection(SolutionConfigurationPlatforms) = preSolution
		Debug|Any CPU = Debug|Any CPU
		Release|Any CPU = Release|Any CPU
	EndGlobalSection
	GlobalSection(ProjectConfigurationPlatforms) = postSolution
		{50ACA2C8-D9E4-4EE0-892F-F800E2EE4239}.Debug|Any CPU.ActiveCfg = Debug|Any CPU
		{50ACA2C8-D9E4-4EE0-892F-F800E2EE4239}.Debug|Any CPU.Build.0 = Debug|Any CPU
		{50ACA2C8-D9E4-4EE0-892F-F800E2EE4239}.Release|Any CPU.ActiveCfg = Release|Any CPU
		{50ACA2C8-D9E4-4EE0-892F-F800E2EE4239}.Release|Any CPU.Build.0 = Release|Any CPU
	EndGlobalSection
	GlobalSection(SolutionProperties) = preSolution
		HideSolutionNode = FALSE
	EndGlobalSection
	GlobalSection(ExtensibilityGlobals) = postSolution
		SolutionGuid = {F088E778-0A03-4F64-9E22-C91FE2597507}
	EndGlobalSection
EndGlobal
